# Run ./gradlew --write-locks to regenerate this file
com.fasterxml.jackson:jackson-bom:2.15.2 (5 constraints: f563f1b6)
com.fasterxml.jackson.core:jackson-annotations:2.15.2 (5 constraints: 4a554f06)
com.fasterxml.jackson.core:jackson-core:2.15.2 (4 constraints: b34d3081)
com.fasterxml.jackson.core:jackson-databind:2.15.2 (7 constraints: 2f6e59bb)
com.fasterxml.jackson.datatype:jackson-datatype-jdk8:2.15.2 (1 constraints: ba0eab66)
com.fasterxml.jackson.datatype:jackson-datatype-jsr310:2.15.2 (1 constraints: ba0eab66)
com.google.code.findbugs:jsr305:3.0.2 (2 constraints: 651cc1d9)
com.google.errorprone:error_prone_annotations:2.18.0 (3 constraints: f82d603e)
com.google.guava:failureaccess:1.0.1 (1 constraints: 140ae1b4)
com.google.guava:guava:32.1.1-jre (1 constraints: a7066053)
com.google.guava:guava-parent:32.1.1-jre (1 constraints: b70ba0eb)
com.palantir.conjure.java:conjure-lib:6.1.0 (1 constraints: 2718096d)
com.palantir.conjure.java.api:errors:2.19.0 (1 constraints: 2410a5a9)
com.palantir.ri:resource-identifier:1.5.0 (1 constraints: ee0f7499)
com.palantir.safe-logging:preconditions:1.18.0 (3 constraints: ed2dfa87)
com.palantir.safe-logging:safe-logging:1.18.0 (3 constraints: 54392cb5)
com.palantir.tokens:auth-tokens:3.10.0 (1 constraints: 1c1090a9)
com.palantir.witchcraft.api:witchcraft-logging-api-objects:2.0.0 (1 constraints: 0405f535)
javax.annotation:javax.annotation-api:1.3.2 (1 constraints: f10f7399)
javax.ws.rs:javax.ws.rs-api:2.1.1 (1 constraints: f10f7399)
org.checkerframework:checker-qual:3.33.0 (1 constraints: 020ddf1f)
org.immutables:value-annotations:2.9.3 (1 constraints: 10051336)
org.slf4j:slf4j-api:1.7.36 (3 constraints: 521de87a)

[Test dependencies]
cglib:cglib-nodep:3.3.0 (2 constraints: 7a1acf3c)
com.netflix.nebula:nebula-test:10.0.0 (1 constraints: 3305273b)
junit:junit:4.13.2 (3 constraints: 6c2bb007)
net.bytebuddy:byte-buddy:1.14.5 (3 constraints: 5524dd17)
net.bytebuddy:byte-buddy-agent:1.14.5 (1 constraints: 450b43de)
org.assertj:assertj-core:3.24.2 (2 constraints: 6b172248)
org.codehaus.groovy:groovy:3.0.6 (2 constraints: 1e1b476d)
org.hamcrest:hamcrest:2.2 (1 constraints: d20cdc04)
org.hamcrest:hamcrest-core:1.3 (1 constraints: cc05fe3f)
org.jetbrains:annotations:19.0.0 (1 constraints: 660d8f2c)
org.junit:junit-bom:5.9.3 (11 constraints: 5db2984c)
org.junit.jupiter:junit-jupiter:5.9.3 (2 constraints: 2a0eba59)
org.junit.jupiter:junit-jupiter-api:5.9.3 (5 constraints: 5e47aeda)
org.junit.jupiter:junit-jupiter-engine:5.9.3 (2 constraints: 25172a3d)
org.junit.jupiter:junit-jupiter-params:5.9.3 (2 constraints: 25172a3d)
org.junit.platform:junit-platform-commons:1.9.3 (3 constraints: f429152d)
org.junit.platform:junit-platform-engine:1.9.3 (4 constraints: 8e3ccfde)
org.junit.platform:junit-platform-launcher:1.9.3 (2 constraints: 161b004b)
org.junit.platform:junit-platform-testkit:1.9.3 (1 constraints: 14097d95)
org.junit.vintage:junit-vintage-engine:5.9.3 (2 constraints: 2a0eba59)
org.mockito:mockito-core:5.4.0 (3 constraints: cc20886b)
org.mockito:mockito-junit-jupiter:5.4.0 (1 constraints: 0b051036)
org.objenesis:objenesis:3.3 (3 constraints: 6c24a8ae)
org.opentest4j:opentest4j:1.2.0 (3 constraints: c53224a1)
org.ow2.asm:asm:9.0 (1 constraints: d70cef04)
org.slf4j:slf4j-simple:1.7.36 (1 constraints: 43054b3b)
org.spockframework:spock-core:2.0-M4-groovy-3.0 (2 constraints: e822d65a)
org.spockframework:spock-junit4:2.0-M4-groovy-3.0 (1 constraints: 25115ddf)
