# Run ./gradlew --write-locks to regenerate this file
com.fasterxml.jackson:jackson-bom:2.12.3 (5 constraints: eb631fb2)
com.fasterxml.jackson.core:jackson-annotations:2.12.3 (5 constraints: 4455c902)
com.fasterxml.jackson.core:jackson-core:2.12.3 (4 constraints: ab4d2e7e)
com.fasterxml.jackson.core:jackson-databind:2.12.3 (6 constraints: ee68734f)
com.fasterxml.jackson.datatype:jackson-datatype-jdk8:2.12.3 (1 constraints: b80ea366)
com.fasterxml.jackson.datatype:jackson-datatype-jsr310:2.12.3 (1 constraints: b80ea366)
com.github.ben-manes.caffeine:caffeine:3.0.5 (2 constraints: ea24f7d9)
com.github.kevinstern:software-and-algorithms:1.0 (2 constraints: 16246655)
com.google.auto:auto-common:1.2 (2 constraints: 8b227dcb)
com.google.auto.service:auto-service-annotations:1.0.1 (4 constraints: eb448729)
com.google.auto.value:auto-value-annotations:1.7.4 (3 constraints: 1c3595c5)
com.google.code.findbugs:jFormatString:3.0.0 (2 constraints: e8220411)
com.google.code.findbugs:jsr305:3.0.2 (7 constraints: a670ef37)
com.google.errorprone:error_prone_annotation:2.10.0 (3 constraints: 553624ef)
com.google.errorprone:error_prone_annotations:2.11.0 (8 constraints: c68157d2)
com.google.errorprone:error_prone_check_api:2.10.0 (2 constraints: 4823fc4e)
com.google.errorprone:error_prone_core:2.10.0 (2 constraints: 0a20b11c)
com.google.errorprone:error_prone_type_annotations:2.10.0 (2 constraints: 4823fc4e)
com.google.guava:failureaccess:1.0.1 (2 constraints: 0b1cc8af)
com.google.guava:guava:31.0.1-jre (5 constraints: e34e63c5)
com.google.guava:listenablefuture:9999.0-empty-to-avoid-conflict-with-guava (2 constraints: 5d371da3)
com.google.j2objc:j2objc-annotations:1.3 (2 constraints: 531b5652)
com.google.protobuf:protobuf-java:3.4.0 (2 constraints: f022e811)
com.palantir.baseline:baseline-error-prone:4.67.0 (2 constraints: 78173f58)
com.palantir.conjure.java:conjure-lib:6.1.0 (1 constraints: 2718096d)
com.palantir.conjure.java.api:errors:2.19.0 (1 constraints: 2410a5a9)
com.palantir.ri:resource-identifier:1.5.0 (1 constraints: ee0f7499)
com.palantir.safe-logging:preconditions:1.21.0 (4 constraints: 16403915)
com.palantir.safe-logging:safe-logging:1.21.0 (4 constraints: 774b854f)
com.palantir.tokens:auth-tokens:3.10.0 (1 constraints: 1c1090a9)
com.palantir.witchcraft.api:witchcraft-logging-api-objects:2.0.0 (1 constraints: 0405f535)
io.github.java-diff-utils:java-diff-utils:4.0 (2 constraints: 1c240b56)
jakarta.annotation:jakarta.annotation-api:1.3.5 (1 constraints: f10f7399)
jakarta.ws.rs:jakarta.ws.rs-api:2.1.6 (1 constraints: f10f7399)
net.bytebuddy:byte-buddy:1.12.7 (3 constraints: 062b8927)
net.bytebuddy:byte-buddy-agent:1.12.7 (2 constraints: 721d9c53)
org.checkerframework:checker-qual:3.19.0 (3 constraints: ac2c82e1)
org.checkerframework:dataflow-errorprone:3.15.0 (3 constraints: 6736f3f2)
org.eclipse.jgit:org.eclipse.jgit:5.13.0.202109080827-r (2 constraints: b1299390)
org.immutables:value:2.9.0 (2 constraints: 0d17a230)
org.immutables:value-annotations:2.9.0 (1 constraints: 0d051036)
org.mockito:mockito-core:4.3.1 (4 constraints: 7d337441)
org.mockito:mockito-errorprone:4.3.1 (1 constraints: fc1105f9)
org.objenesis:objenesis:3.2 (4 constraints: 0736a298)
org.pcollections:pcollections:2.1.2 (2 constraints: ec226a11)
org.slf4j:slf4j-api:1.7.35 (6 constraints: 25516407)

[Test dependencies]
cglib:cglib-nodep:3.3.0 (2 constraints: 7a1acf3c)
com.netflix.nebula:nebula-test:10.0.0 (1 constraints: 3305273b)
junit:junit:4.13.2 (4 constraints: 513f931a)
org.assertj:assertj-core:3.22.0 (3 constraints: 9129f700)
org.codehaus.groovy:groovy:3.0.9 (3 constraints: 1f2df2e2)
org.hamcrest:hamcrest:2.2 (3 constraints: de29cb0a)
org.hamcrest:hamcrest-core:2.2 (2 constraints: 67173952)
org.jetbrains:annotations:19.0.0 (1 constraints: 660d8f2c)
org.junit:junit-bom:5.8.2 (11 constraints: 4bb24039)
org.junit.jupiter:junit-jupiter:5.8.2 (2 constraints: 260e7a59)
org.junit.jupiter:junit-jupiter-api:5.8.2 (5 constraints: 544724d7)
org.junit.jupiter:junit-jupiter-engine:5.8.2 (2 constraints: 2117d23c)
org.junit.jupiter:junit-jupiter-params:5.8.2 (2 constraints: 2117d23c)
org.junit.platform:junit-platform-commons:1.8.2 (3 constraints: ee29ed2b)
org.junit.platform:junit-platform-engine:1.8.2 (4 constraints: 863c7bdc)
org.junit.platform:junit-platform-launcher:1.8.2 (2 constraints: 121b944a)
org.junit.platform:junit-platform-testkit:1.8.2 (1 constraints: 12097995)
org.junit.vintage:junit-vintage-engine:5.8.2 (2 constraints: 260e7a59)
org.mockito:mockito-junit-jupiter:4.3.1 (1 constraints: 0a050936)
org.opentest4j:opentest4j:1.2.0 (3 constraints: c53224a1)
org.ow2.asm:asm:9.2 (2 constraints: 791e3055)
org.slf4j:slf4j-simple:1.7.35 (1 constraints: 42054a3b)
org.spockframework:spock-core:2.0-M4-groovy-3.0 (2 constraints: e822d65a)
org.spockframework:spock-junit4:2.0-M4-groovy-3.0 (1 constraints: 25115ddf)
